// !$*UTF8*$!
{
	archiveVersion = 1;
	classes = {
	};
	objectVersion = 46;
	objects = {

/* Begin PBXBuildFile section */
		C81E55631E70F8C900539C77 /* HelloWorld.m in Sources */ = {isa = PBXBuildFile; fileRef = C81E55621E70F8C900539C77 /* HelloWorld.m */; };
		C81E55641E70F8CC00539C77 /* HelloWorld.m in Sources */ = {isa = PBXBuildFile; fileRef = C81E55621E70F8C900539C77 /* HelloWorld.m */; };
		C81E55731E70FFB200539C77 /* StaticViewController.m in Sources */ = {isa = PBXBuildFile; fileRef = C81E55721E70FFB200539C77 /* StaticViewController.m */; };
		C8A0D2691E7006F900E14055 /* main.m in Sources */ = {isa = PBXBuildFile; fileRef = C8A0D2681E7006F900E14055 /* main.m */; };
		C8A0D26C1E7006F900E14055 /* AppDelegate.m in Sources */ = {isa = PBXBuildFile; fileRef = C8A0D26B1E7006F900E14055 /* AppDelegate.m */; };
		C8A0D2721E7006F900E14055 /* Main.storyboard in Resources */ = {isa = PBXBuildFile; fileRef = C8A0D2701E7006F900E14055 /* Main.storyboard */; };
		C8A0D2741E7006F900E14055 /* Assets.xcassets in Resources */ = {isa = PBXBuildFile; fileRef = C8A0D2731E7006F900E14055 /* Assets.xcassets */; };
		C8A0D2771E7006F900E14055 /* LaunchScreen.storyboard in Resources */ = {isa = PBXBuildFile; fileRef = C8A0D2751E7006F900E14055 /* LaunchScreen.storyboard */; };
		C8A0D2941E70071100E14055 /* StaticLibrary.m in Sources */ = {isa = PBXBuildFile; fileRef = C8A0D2931E70071100E14055 /* StaticLibrary.m */; };
		C8A0D2951E70071100E14055 /* StaticLibrary.h in CopyFiles */ = {isa = PBXBuildFile; fileRef = C8A0D2921E70071100E14055 /* StaticLibrary.h */; };
/* End PBXBuildFile section */

/* Begin PBXCopyFilesBuildPhase section */
		C8A0D28E1E70071100E14055 /* CopyFiles */ = {
			isa = PBXCopyFilesBuildPhase;
			buildActionMask = 2147483647;
			dstPath = "include/$(PRODUCT_NAME)";
			dstSubfolderSpec = 16;
			files = (
				C8A0D2951E70071100E14055 /* StaticLibrary.h in CopyFiles */,
			);
			runOnlyForDeploymentPostprocessing = 0;
		};
/* End PBXCopyFilesBuildPhase section */

/* Begin PBXFileReference section */
		C81E55611E70F8C900539C77 /* HelloWorld.h */ = {isa = PBXFileReference; fileEncoding = 4; lastKnownFileType = sourcecode.c.h; path = HelloWorld.h; sourceTree = "<group>"; };
		C81E55621E70F8C900539C77 /* HelloWorld.m */ = {isa = PBXFileReference; fileEncoding = 4; lastKnownFileType = sourcecode.c.objc; path = HelloWorld.m; sourceTree = "<group>"; };
		C81E55711E70FFB200539C77 /* StaticViewController.h */ = {isa = PBXFileReference; fileEncoding = 4; lastKnownFileType = sourcecode.c.h; path = StaticViewController.h; sourceTree = "<group>"; };
		C81E55721E70FFB200539C77 /* StaticViewController.m */ = {isa = PBXFileReference; fileEncoding = 4; lastKnownFileType = sourcecode.c.objc; path = StaticViewController.m; sourceTree = "<group>"; };
		C8A0D2641E7006F900E14055 /* StaticLibraryDemo.app */ = {isa = PBXFileReference; explicitFileType = wrapper.application; includeInIndex = 0; path = StaticLibraryDemo.app; sourceTree = BUILT_PRODUCTS_DIR; };
		C8A0D2681E7006F900E14055 /* main.m */ = {isa = PBXFileReference; lastKnownFileType = sourcecode.c.objc; path = main.m; sourceTree = "<group>"; };
		C8A0D26A1E7006F900E14055 /* AppDelegate.h */ = {isa = PBXFileReference; lastKnownFileType = sourcecode.c.h; path = AppDelegate.h; sourceTree = "<group>"; };
		C8A0D26B1E7006F900E14055 /* AppDelegate.m */ = {isa = PBXFileReference; lastKnownFileType = sourcecode.c.objc; path = AppDelegate.m; sourceTree = "<group>"; };
		C8A0D2711E7006F900E14055 /* Base */ = {isa = PBXFileReference; lastKnownFileType = file.storyboard; name = Base; path = Base.lproj/Main.storyboard; sourceTree = "<group>"; };
		C8A0D2731E7006F900E14055 /* Assets.xcassets */ = {isa = PBXFileReference; lastKnownFileType = folder.assetcatalog; path = Assets.xcassets; sourceTree = "<group>"; };
		C8A0D2761E7006F900E14055 /* Base */ = {isa = PBXFileReference; lastKnownFileType = file.storyboard; name = Base; path = Base.lproj/LaunchScreen.storyboard; sourceTree = "<group>"; };
		C8A0D2781E7006F900E14055 /* Info.plist */ = {isa = PBXFileReference; lastKnownFileType = text.plist.xml; path = Info.plist; sourceTree = "<group>"; };
		C8A0D2811E7006F900E14055 /* StaticLibraryDemoTests.m */ = {isa = PBXFileReference; lastKnownFileType = sourcecode.c.objc; path = StaticLibraryDemoTests.m; sourceTree = "<group>"; };
		C8A0D2831E7006F900E14055 /* Info.plist */ = {isa = PBXFileReference; lastKnownFileType = text.plist.xml; path = Info.plist; sourceTree = "<group>"; };
		C8A0D2901E70071100E14055 /* libStaticLibrary.a */ = {isa = PBXFileReference; explicitFileType = archive.ar; includeInIndex = 0; path = libStaticLibrary.a; sourceTree = BUILT_PRODUCTS_DIR; };
		C8A0D2921E70071100E14055 /* StaticLibrary.h */ = {isa = PBXFileReference; lastKnownFileType = sourcecode.c.h; path = StaticLibrary.h; sourceTree = "<group>"; };
		C8A0D2931E70071100E14055 /* StaticLibrary.m */ = {isa = PBXFileReference; lastKnownFileType = sourcecode.c.objc; path = StaticLibrary.m; sourceTree = "<group>"; };
/* End PBXFileReference section */

/* Begin PBXFrameworksBuildPhase section */
		C8A0D2611E7006F900E14055 /* Frameworks */ = {
			isa = PBXFrameworksBuildPhase;
			buildActionMask = 2147483647;
			files = (
			);
			runOnlyForDeploymentPostprocessing = 0;
		};
		C8A0D28D1E70071100E14055 /* Frameworks */ = {
			isa = PBXFrameworksBuildPhase;
			buildActionMask = 2147483647;
			files = (
			);
			runOnlyForDeploymentPostprocessing = 0;
		};
/* End PBXFrameworksBuildPhase section */

/* Begin PBXGroup section */
		C8A0D25B1E7006F900E14055 = {
			isa = PBXGroup;
			children = (
				C8A0D2661E7006F900E14055 /* StaticLibraryDemo */,
				C8A0D2801E7006F900E14055 /* StaticLibraryDemoTests */,
				C8A0D2911E70071100E14055 /* StaticLibrary */,
				C8A0D2651E7006F900E14055 /* Products */,
			);
			sourceTree = "<group>";
		};
		C8A0D2651E7006F900E14055 /* Products */ = {
			isa = PBXGroup;
			children = (
				C8A0D2641E7006F900E14055 /* StaticLibraryDemo.app */,
				C8A0D2901E70071100E14055 /* libStaticLibrary.a */,
			);
			name = Products;
			sourceTree = "<group>";
		};
		C8A0D2661E7006F900E14055 /* StaticLibraryDemo */ = {
			isa = PBXGroup;
			children = (
				C8A0D26A1E7006F900E14055 /* AppDelegate.h */,
				C8A0D26B1E7006F900E14055 /* AppDelegate.m */,
				C81E55611E70F8C900539C77 /* HelloWorld.h */,
				C81E55621E70F8C900539C77 /* HelloWorld.m */,
				C8A0D2701E7006F900E14055 /* Main.storyboard */,
				C8A0D2731E7006F900E14055 /* Assets.xcassets */,
				C8A0D2751E7006F900E14055 /* LaunchScreen.storyboard */,
				C8A0D2781E7006F900E14055 /* Info.plist */,
				C8A0D2671E7006F900E14055 /* Supporting Files */,
			);
			path = StaticLibraryDemo;
			sourceTree = "<group>";
		};
		C8A0D2671E7006F900E14055 /* Supporting Files */ = {
			isa = PBXGroup;
			children = (
				C8A0D2681E7006F900E14055 /* main.m */,
			);
			name = "Supporting Files";
			sourceTree = "<group>";
		};
		C8A0D2801E7006F900E14055 /* StaticLibraryDemoTests */ = {
			isa = PBXGroup;
			children = (
				C8A0D2811E7006F900E14055 /* StaticLibraryDemoTests.m */,
				C8A0D2831E7006F900E14055 /* Info.plist */,
			);
			path = StaticLibraryDemoTests;
			sourceTree = "<group>";
		};
		C8A0D2911E70071100E14055 /* StaticLibrary */ = {
			isa = PBXGroup;
			children = (
				C81E55711E70FFB200539C77 /* StaticViewController.h */,
				C81E55721E70FFB200539C77 /* StaticViewController.m */,
				C8A0D2921E70071100E14055 /* StaticLibrary.h */,
				C8A0D2931E70071100E14055 /* StaticLibrary.m */,
			);
			path = StaticLibrary;
			sourceTree = "<group>";
		};
/* End PBXGroup section */

/* Begin PBXNativeTarget section */
		C8A0D2631E7006F900E14055 /* StaticLibraryDemo */ = {
			isa = PBXNativeTarget;
			buildConfigurationList = C8A0D2861E7006F900E14055 /* Build configuration list for PBXNativeTarget "StaticLibraryDemo" */;
			buildPhases = (
				C8A0D2601E7006F900E14055 /* Sources */,
				C8A0D2611E7006F900E14055 /* Frameworks */,
				C8A0D2621E7006F900E14055 /* Resources */,
			);
			buildRules = (
			);
			dependencies = (
			);
			name = StaticLibraryDemo;
			productName = StaticLibraryDemo;
			productReference = C8A0D2641E7006F900E14055 /* StaticLibraryDemo.app */;
			productType = "com.apple.product-type.application";
		};
		C8A0D28F1E70071100E14055 /* StaticLibrary */ = {
			isa = PBXNativeTarget;
			buildConfigurationList = C8A0D2961E70071100E14055 /* Build configuration list for PBXNativeTarget "StaticLibrary" */;
			buildPhases = (
				C8A0D28C1E70071100E14055 /* Sources */,
				C8A0D28D1E70071100E14055 /* Frameworks */,
				C8A0D28E1E70071100E14055 /* CopyFiles */,
			);
			buildRules = (
			);
			dependencies = (
			);
			name = StaticLibrary;
			productName = StaticLibrary;
			productReference = C8A0D2901E70071100E14055 /* libStaticLibrary.a */;
			productType = "com.apple.product-type.library.static";
		};
/* End PBXNativeTarget section */

/* Begin PBXProject section */
		C8A0D25C1E7006F900E14055 /* Project object */ = {
			isa = PBXProject;
			attributes = {
				LastUpgradeCheck = 0820;
				ORGANIZATIONNAME = "Wilson Yuan";
				TargetAttributes = {
					C8A0D2631E7006F900E14055 = {
						CreatedOnToolsVersion = 8.2;
						DevelopmentTeam = B8AN3R9Z2W;
						ProvisioningStyle = Automatic;
					};
					C8A0D28F1E70071100E14055 = {
						CreatedOnToolsVersion = 8.2;
						DevelopmentTeam = B8AN3R9Z2W;
						ProvisioningStyle = Automatic;
					};
				};
			};
			buildConfigurationList = C8A0D25F1E7006F900E14055 /* Build configuration list for PBXProject "StaticLibraryDemo" */;
			compatibilityVersion = "Xcode 3.2";
			developmentRegion = English;
			hasScannedForEncodings = 0;
			knownRegions = (
				en,
				Base,
			);
			mainGroup = C8A0D25B1E7006F900E14055;
			productRefGroup = C8A0D2651E7006F900E14055 /* Products */;
			projectDirPath = "";
			projectRoot = "";
			targets = (
				C8A0D2631E7006F900E14055 /* StaticLibraryDemo */,
				C8A0D28F1E70071100E14055 /* StaticLibrary */,
			);
		};
/* End PBXProject section */

/* Begin PBXResourcesBuildPhase section */
		C8A0D2621E7006F900E14055 /* Resources */ = {
			isa = PBXResourcesBuildPhase;
			buildActionMask = 2147483647;
			files = (
				C8A0D2771E7006F900E14055 /* LaunchScreen.storyboard in Resources */,
				C8A0D2741E7006F900E14055 /* Assets.xcassets in Resources */,
				C8A0D2721E7006F900E14055 /* Main.storyboard in Resources */,
			);
			runOnlyForDeploymentPostprocessing = 0;
		};
/* End PBXResourcesBuildPhase section */

/* Begin PBXSourcesBuildPhase section */
		C8A0D2601E7006F900E14055 /* Sources */ = {
			isa = PBXSourcesBuildPhase;
			buildActionMask = 2147483647;
			files = (
				C8A0D26C1E7006F900E14055 /* AppDelegate.m in Sources */,
				C8A0D2691E7006F900E14055 /* main.m in Sources */,
				C81E55631E70F8C900539C77 /* HelloWorld.m in Sources */,
			);
			runOnlyForDeploymentPostprocessing = 0;
		};
		C8A0D28C1E70071100E14055 /* Sources */ = {
			isa = PBXSourcesBuildPhase;
			buildActionMask = 2147483647;
			files = (
				C81E55731E70FFB200539C77 /* StaticViewController.m in Sources */,
				C81E55641E70F8CC00539C77 /* HelloWorld.m in Sources */,
				C8A0D2941E70071100E14055 /* StaticLibrary.m in Sources */,
			);
			runOnlyForDeploymentPostprocessing = 0;
		};
/* End PBXSourcesBuildPhase section */

/* Begin PBXVariantGroup section */
		C8A0D2701E7006F900E14055 /* Main.storyboard */ = {
			isa = PBXVariantGroup;
			children = (
				C8A0D2711E7006F900E14055 /* Base */,
			);
			name = Main.storyboard;
			sourceTree = "<group>";
		};
		C8A0D2751E7006F900E14055 /* LaunchScreen.storyboard */ = {
			isa = PBXVariantGroup;
			children = (
				C8A0D2761E7006F900E14055 /* Base */,
			);
			name = LaunchScreen.storyboard;
			sourceTree = "<group>";
		};
/* End PBXVariantGroup section */

/* Begin XCBuildConfiguration section */
		C8A0D2841E7006F900E14055 /* Debug */ = {
			isa = XCBuildConfiguration;
			buildSettings = {
				ALWAYS_SEARCH_USER_PATHS = NO;
				CLANG_ANALYZER_NONNULL = YES;
				CLANG_CXX_LANGUAGE_STANDARD = "gnu++0x";
				CLANG_CXX_LIBRARY = "libc++";
				CLANG_ENABLE_MODULES = YES;
				CLANG_ENABLE_OBJC_ARC = YES;
				CLANG_WARN_BOOL_CONVERSION = YES;
				CLANG_WARN_CONSTANT_CONVERSION = YES;
				CLANG_WARN_DIRECT_OBJC_ISA_USAGE = YES_ERROR;
				CLANG_WARN_DOCUMENTATION_COMMENTS = YES;
				CLANG_WARN_EMPTY_BODY = YES;
				CLANG_WARN_ENUM_CONVERSION = YES;
				CLANG_WARN_INFINITE_RECURSION = YES;
				CLANG_WARN_INT_CONVERSION = YES;
				CLANG_WARN_OBJC_ROOT_CLASS = YES_ERROR;
				CLANG_WARN_SUSPICIOUS_MOVE = YES;
				CLANG_WARN_UNREACHABLE_CODE = YES;
				CLANG_WARN__DUPLICATE_METHOD_MATCH = YES;
				"CODE_SIGN_IDENTITY[sdk=iphoneos*]" = "iPhone Developer";
				COPY_PHASE_STRIP = NO;
				DEBUG_INFORMATION_FORMAT = dwarf;
				ENABLE_STRICT_OBJC_MSGSEND = YES;
				ENABLE_TESTABILITY = YES;
				GCC_C_LANGUAGE_STANDARD = gnu99;
				GCC_DYNAMIC_NO_PIC = NO;
				GCC_NO_COMMON_BLOCKS = YES;
				GCC_OPTIMIZATION_LEVEL = 0;
				GCC_PREPROCESSOR_DEFINITIONS = (
					"DEBUG=1",
					"$(inherited)",
				);
				GCC_WARN_64_TO_32_BIT_CONVERSION = YES;
				GCC_WARN_ABOUT_RETURN_TYPE = YES_ERROR;
				GCC_WARN_UNDECLARED_SELECTOR = YES;
				GCC_WARN_UNINITIALIZED_AUTOS = YES_AGGRESSIVE;
				GCC_WARN_UNUSED_FUNCTION = YES;
				GCC_WARN_UNUSED_VARIABLE = YES;
				IPHONEOS_DEPLOYMENT_TARGET = 10.2;
				MTL_ENABLE_DEBUG_INFO = YES;
				ONLY_ACTIVE_ARCH = YES;
				SDKROOT = iphoneos;
			};
			name = Debug;
		};
		C8A0D2851E7006F900E14055 /* Release */ = {
			isa = XCBuildConfiguration;
			buildSettings = {
				ALWAYS_SEARCH_USER_PATHS = NO;
				CLANG_ANALYZER_NONNULL = YES;
				CLANG_CXX_LANGUAGE_STANDARD = "gnu++0x";
				CLANG_CXX_LIBRARY = "libc++";
				CLANG_ENABLE_MODULES = YES;
				CLANG_ENABLE_OBJC_ARC = YES;
				CLANG_WARN_BOOL_CONVERSION = YES;
				CLANG_WARN_CONSTANT_CONVERSION = YES;
				CLANG_WARN_DIRECT_OBJC_ISA_USAGE = YES_ERROR;
				CLANG_WARN_DOCUMENTATION_COMMENTS = YES;
				CLANG_WARN_EMPTY_BODY = YES;
				CLANG_WARN_ENUM_CONVERSION = YES;
				CLANG_WARN_INFINITE_RECURSION = YES;
				CLANG_WARN_INT_CONVERSION = YES;
				CLANG_WARN_OBJC_ROOT_CLASS = YES_ERROR;
				CLANG_WARN_SUSPICIOUS_MOVE = YES;
				CLANG_WARN_UNREACHABLE_CODE = YES;
				CLANG_WARN__DUPLICATE_METHOD_MATCH = YES;
				"CODE_SIGN_IDENTITY[sdk=iphoneos*]" = "iPhone Developer";
				COPY_PHASE_STRIP = NO;
				DEBUG_INFORMATION_FORMAT = "dwarf-with-dsym";
				ENABLE_NS_ASSERTIONS = NO;
				ENABLE_STRICT_OBJC_MSGSEND = YES;
				GCC_C_LANGUAGE_STANDARD = gnu99;
				GCC_NO_COMMON_BLOCKS = YES;
				GCC_WARN_64_TO_32_BIT_CONVERSION = YES;
				GCC_WARN_ABOUT_RETURN_TYPE = YES_ERROR;
				GCC_WARN_UNDECLARED_SELECTOR = YES;
				GCC_WARN_UNINITIALIZED_AUTOS = YES_AGGRESSIVE;
				GCC_WARN_UNUSED_FUNCTION = YES;
				GCC_WARN_UNUSED_VARIABLE = YES;
				IPHONEOS_DEPLOYMENT_TARGET = 10.2;
				MTL_ENABLE_DEBUG_INFO = NO;
				SDKROOT = iphoneos;
				VALIDATE_PRODUCT = YES;
			};
			name = Release;
		};
		C8A0D2871E7006F900E14055 /* Debug */ = {
			isa = XCBuildConfiguration;
			buildSettings = {
				ASSETCATALOG_COMPILER_APPICON_NAME = AppIcon;
				DEVELOPMENT_TEAM = B8AN3R9Z2W;
				HEADER_SEARCH_PATHS = "\"$(SRCROOT)/\"";
				INFOPLIST_FILE = StaticLibraryDemo/Info.plist;
				LD_RUNPATH_SEARCH_PATHS = "$(inherited) @executable_path/Frameworks";
				PRODUCT_BUNDLE_IDENTIFIER = com.wilson.StaticLibraryDemo;
				PRODUCT_NAME = "$(TARGET_NAME)";
			};
			name = Debug;
		};
		C8A0D2881E7006F900E14055 /* Release */ = {
			isa = XCBuildConfiguration;
			buildSettings = {
				ASSETCATALOG_COMPILER_APPICON_NAME = AppIcon;
				DEVELOPMENT_TEAM = B8AN3R9Z2W;
				HEADER_SEARCH_PATHS = "\"$(SRCROOT)/\"";
				INFOPLIST_FILE = StaticLibraryDemo/Info.plist;
				LD_RUNPATH_SEARCH_PATHS = "$(inherited) @executable_path/Frameworks";
				PRODUCT_BUNDLE_IDENTIFIER = com.wilson.StaticLibraryDemo;
				PRODUCT_NAME = "$(TARGET_NAME)";
			};
			name = Release;
		};
		C8A0D2971E70071100E14055 /* Debug */ = {
			isa = XCBuildConfiguration;
			buildSettings = {
				DEVELOPMENT_TEAM = B8AN3R9Z2W;
				OTHER_LDFLAGS = "-ObjC";
				PRODUCT_NAME = "$(TARGET_NAME)";
				SKIP_INSTALL = YES;
			};
			name = Debug;
		};
		C8A0D2981E70071100E14055 /* Release */ = {
			isa = XCBuildConfiguration;
			buildSettings = {
				DEVELOPMENT_TEAM = B8AN3R9Z2W;
				OTHER_LDFLAGS = "-ObjC";
				PRODUCT_NAME = "$(TARGET_NAME)";
				SKIP_INSTALL = YES;
			};
			name = Release;
		};
/* End XCBuildConfiguration section */

/* Begin XCConfigurationList section */
		C8A0D25F1E7006F900E14055 /* Build configuration list for PBXProject "StaticLibraryDemo" */ = {
			isa = XCConfigurationList;
			buildConfigurations = (
				C8A0D2841E7006F900E14055 /* Debug */,
				C8A0D2851E7006F900E14055 /* Release */,
			);
			defaultConfigurationIsVisible = 0;
			defaultConfigurationName = Release;
		};
		C8A0D2861E7006F900E14055 /* Build configuration list for PBXNativeTarget "StaticLibraryDemo" */ = {
			isa = XCConfigurationList;
			buildConfigurations = (
				C8A0D2871E7006F900E14055 /* Debug */,
				C8A0D2881E7006F900E14055 /* Release */,
			);
			defaultConfigurationIsVisible = 0;
			defaultConfigurationName = Release;
		};
		C8A0D2961E70071100E14055 /* Build configuration list for PBXNativeTarget "StaticLibrary" */ = {
			isa = XCConfigurationList;
			buildConfigurations = (
				C8A0D2971E70071100E14055 /* Debug */,
				C8A0D2981E70071100E14055 /* Release */,
			);
			defaultConfigurationIsVisible = 0;
			defaultConfigurationName = Release;
		};
/* End XCConfigurationList section */
	};
	rootObject = C8A0D25C1E7006F900E14055 /* Project object */;
}
