// !$*UTF8*$!
{
	archiveVersion = 1;
	classes = {
	};
	objectVersion = 46;
	objects = {

/* Begin PBXBuildFile section */
		C81E55801E71060100539C77 /* libStaticLibrary.a in Frameworks */ = {isa = PBXBuildFile; fileRef = C81E557D1E7105CC00539C77 /* libStaticLibrary.a */; };
		C8A0D2171E6FEC7000E14055 /* main.m in Sources */ = {isa = PBXBuildFile; fileRef = C8A0D2161E6FEC7000E14055 /* main.m */; };
		C8A0D21A1E6FEC7000E14055 /* AppDelegate.m in Sources */ = {isa = PBXBuildFile; fileRef = C8A0D2191E6FEC7000E14055 /* AppDelegate.m */; };
		C8A0D21D1E6FEC7000E14055 /* ViewController.m in Sources */ = {isa = PBXBuildFile; fileRef = C8A0D21C1E6FEC7000E14055 /* ViewController.m */; };
		C8A0D2201E6FEC7000E14055 /* Main.storyboard in Resources */ = {isa = PBXBuildFile; fileRef = C8A0D21E1E6FEC7000E14055 /* Main.storyboard */; };
		C8A0D2221E6FEC7000E14055 /* Assets.xcassets in Resources */ = {isa = PBXBuildFile; fileRef = C8A0D2211E6FEC7000E14055 /* Assets.xcassets */; };
		C8A0D2251E6FEC7000E14055 /* LaunchScreen.storyboard in Resources */ = {isa = PBXBuildFile; fileRef = C8A0D2231E6FEC7000E14055 /* LaunchScreen.storyboard */; };
		C8A0D2301E6FEC7000E14055 /* SubmoduleTests.m in Sources */ = {isa = PBXBuildFile; fileRef = C8A0D22F1E6FEC7000E14055 /* SubmoduleTests.m */; };
/* End PBXBuildFile section */

/* Begin PBXContainerItemProxy section */
		C81E557A1E7105CC00539C77 /* PBXContainerItemProxy */ = {
			isa = PBXContainerItemProxy;
			containerPortal = C81E55751E7105CC00539C77 /* StaticLibraryDemo.xcodeproj */;
			proxyType = 2;
			remoteGlobalIDString = C8A0D2641E7006F900E14055;
			remoteInfo = StaticLibraryDemo;
		};
		C81E557C1E7105CC00539C77 /* PBXContainerItemProxy */ = {
			isa = PBXContainerItemProxy;
			containerPortal = C81E55751E7105CC00539C77 /* StaticLibraryDemo.xcodeproj */;
			proxyType = 2;
			remoteGlobalIDString = C8A0D2901E70071100E14055;
			remoteInfo = StaticLibrary;
		};
		C81E557E1E7105F700539C77 /* PBXContainerItemProxy */ = {
			isa = PBXContainerItemProxy;
			containerPortal = C81E55751E7105CC00539C77 /* StaticLibraryDemo.xcodeproj */;
			proxyType = 1;
			remoteGlobalIDString = C8A0D28F1E70071100E14055;
			remoteInfo = StaticLibrary;
		};
		C8A0D22C1E6FEC7000E14055 /* PBXContainerItemProxy */ = {
			isa = PBXContainerItemProxy;
			containerPortal = C8A0D20A1E6FEC7000E14055 /* Project object */;
			proxyType = 1;
			remoteGlobalIDString = C8A0D2111E6FEC7000E14055;
			remoteInfo = Submodule;
		};
/* End PBXContainerItemProxy section */

/* Begin PBXFileReference section */
		C81E55751E7105CC00539C77 /* StaticLibraryDemo.xcodeproj */ = {isa = PBXFileReference; lastKnownFileType = "wrapper.pb-project"; name = StaticLibraryDemo.xcodeproj; path = StaticLibraryDemo/StaticLibraryDemo/StaticLibraryDemo.xcodeproj; sourceTree = SOURCE_ROOT; };
		C8A0D2121E6FEC7000E14055 /* Submodule.app */ = {isa = PBXFileReference; explicitFileType = wrapper.application; includeInIndex = 0; path = Submodule.app; sourceTree = BUILT_PRODUCTS_DIR; };
		C8A0D2161E6FEC7000E14055 /* main.m */ = {isa = PBXFileReference; lastKnownFileType = sourcecode.c.objc; path = main.m; sourceTree = "<group>"; };
		C8A0D2181E6FEC7000E14055 /* AppDelegate.h */ = {isa = PBXFileReference; lastKnownFileType = sourcecode.c.h; path = AppDelegate.h; sourceTree = "<group>"; };
		C8A0D2191E6FEC7000E14055 /* AppDelegate.m */ = {isa = PBXFileReference; lastKnownFileType = sourcecode.c.objc; path = AppDelegate.m; sourceTree = "<group>"; };
		C8A0D21B1E6FEC7000E14055 /* ViewController.h */ = {isa = PBXFileReference; lastKnownFileType = sourcecode.c.h; path = ViewController.h; sourceTree = "<group>"; };
		C8A0D21C1E6FEC7000E14055 /* ViewController.m */ = {isa = PBXFileReference; lastKnownFileType = sourcecode.c.objc; path = ViewController.m; sourceTree = "<group>"; };
		C8A0D21F1E6FEC7000E14055 /* Base */ = {isa = PBXFileReference; lastKnownFileType = file.storyboard; name = Base; path = Base.lproj/Main.storyboard; sourceTree = "<group>"; };
		C8A0D2211E6FEC7000E14055 /* Assets.xcassets */ = {isa = PBXFileReference; lastKnownFileType = folder.assetcatalog; path = Assets.xcassets; sourceTree = "<group>"; };
		C8A0D2241E6FEC7000E14055 /* Base */ = {isa = PBXFileReference; lastKnownFileType = file.storyboard; name = Base; path = Base.lproj/LaunchScreen.storyboard; sourceTree = "<group>"; };
		C8A0D2261E6FEC7000E14055 /* Info.plist */ = {isa = PBXFileReference; lastKnownFileType = text.plist.xml; path = Info.plist; sourceTree = "<group>"; };
		C8A0D22B1E6FEC7000E14055 /* SubmoduleTests.xctest */ = {isa = PBXFileReference; explicitFileType = wrapper.cfbundle; includeInIndex = 0; path = SubmoduleTests.xctest; sourceTree = BUILT_PRODUCTS_DIR; };
		C8A0D22F1E6FEC7000E14055 /* SubmoduleTests.m */ = {isa = PBXFileReference; lastKnownFileType = sourcecode.c.objc; path = SubmoduleTests.m; sourceTree = "<group>"; };
		C8A0D2311E6FEC7000E14055 /* Info.plist */ = {isa = PBXFileReference; lastKnownFileType = text.plist.xml; path = Info.plist; sourceTree = "<group>"; };
/* End PBXFileReference section */

/* Begin PBXFrameworksBuildPhase section */
		C8A0D20F1E6FEC7000E14055 /* Frameworks */ = {
			isa = PBXFrameworksBuildPhase;
			buildActionMask = 2147483647;
			files = (
				C81E55801E71060100539C77 /* libStaticLibrary.a in Frameworks */,
			);
			runOnlyForDeploymentPostprocessing = 0;
		};
		C8A0D2281E6FEC7000E14055 /* Frameworks */ = {
			isa = PBXFrameworksBuildPhase;
			buildActionMask = 2147483647;
			files = (
			);
			runOnlyForDeploymentPostprocessing = 0;
		};
/* End PBXFrameworksBuildPhase section */

/* Begin PBXGroup section */
		C81E55761E7105CC00539C77 /* Products */ = {
			isa = PBXGroup;
			children = (
				C81E557B1E7105CC00539C77 /* StaticLibraryDemo.app */,
				C81E557D1E7105CC00539C77 /* libStaticLibrary.a */,
			);
			name = Products;
			sourceTree = "<group>";
		};
		C8A0D2091E6FEC7000E14055 = {
			isa = PBXGroup;
			children = (
				C8A0D2141E6FEC7000E14055 /* Submodule */,
				C8A0D22E1E6FEC7000E14055 /* SubmoduleTests */,
				C8A0D2131E6FEC7000E14055 /* Products */,
			);
			sourceTree = "<group>";
		};
		C8A0D2131E6FEC7000E14055 /* Products */ = {
			isa = PBXGroup;
			children = (
				C8A0D2121E6FEC7000E14055 /* Submodule.app */,
				C8A0D22B1E6FEC7000E14055 /* SubmoduleTests.xctest */,
			);
			name = Products;
			sourceTree = "<group>";
		};
		C8A0D2141E6FEC7000E14055 /* Submodule */ = {
			isa = PBXGroup;
			children = (
				C81E55751E7105CC00539C77 /* StaticLibraryDemo.xcodeproj */,
				C8A0D2181E6FEC7000E14055 /* AppDelegate.h */,
				C8A0D2191E6FEC7000E14055 /* AppDelegate.m */,
				C8A0D21B1E6FEC7000E14055 /* ViewController.h */,
				C8A0D21C1E6FEC7000E14055 /* ViewController.m */,
				C8A0D21E1E6FEC7000E14055 /* Main.storyboard */,
				C8A0D2211E6FEC7000E14055 /* Assets.xcassets */,
				C8A0D2231E6FEC7000E14055 /* LaunchScreen.storyboard */,
				C8A0D2261E6FEC7000E14055 /* Info.plist */,
				C8A0D2151E6FEC7000E14055 /* Supporting Files */,
			);
			path = Submodule;
			sourceTree = "<group>";
		};
		C8A0D2151E6FEC7000E14055 /* Supporting Files */ = {
			isa = PBXGroup;
			children = (
				C8A0D2161E6FEC7000E14055 /* main.m */,
			);
			name = "Supporting Files";
			sourceTree = "<group>";
		};
		C8A0D22E1E6FEC7000E14055 /* SubmoduleTests */ = {
			isa = PBXGroup;
			children = (
				C8A0D22F1E6FEC7000E14055 /* SubmoduleTests.m */,
				C8A0D2311E6FEC7000E14055 /* Info.plist */,
			);
			path = SubmoduleTests;
			sourceTree = "<group>";
		};
/* End PBXGroup section */

/* Begin PBXNativeTarget section */
		C8A0D2111E6FEC7000E14055 /* Submodule */ = {
			isa = PBXNativeTarget;
			buildConfigurationList = C8A0D2341E6FEC7000E14055 /* Build configuration list for PBXNativeTarget "Submodule" */;
			buildPhases = (
				C8A0D20E1E6FEC7000E14055 /* Sources */,
				C8A0D20F1E6FEC7000E14055 /* Frameworks */,
				C8A0D2101E6FEC7000E14055 /* Resources */,
			);
			buildRules = (
			);
			dependencies = (
				C81E557F1E7105F700539C77 /* PBXTargetDependency */,
			);
			name = Submodule;
			productName = Submodule;
			productReference = C8A0D2121E6FEC7000E14055 /* Submodule.app */;
			productType = "com.apple.product-type.application";
		};
		C8A0D22A1E6FEC7000E14055 /* SubmoduleTests */ = {
			isa = PBXNativeTarget;
			buildConfigurationList = C8A0D2371E6FEC7000E14055 /* Build configuration list for PBXNativeTarget "SubmoduleTests" */;
			buildPhases = (
				C8A0D2271E6FEC7000E14055 /* Sources */,
				C8A0D2281E6FEC7000E14055 /* Frameworks */,
				C8A0D2291E6FEC7000E14055 /* Resources */,
			);
			buildRules = (
			);
			dependencies = (
				C8A0D22D1E6FEC7000E14055 /* PBXTargetDependency */,
			);
			name = SubmoduleTests;
			productName = SubmoduleTests;
			productReference = C8A0D22B1E6FEC7000E14055 /* SubmoduleTests.xctest */;
			productType = "com.apple.product-type.bundle.unit-test";
		};
/* End PBXNativeTarget section */

/* Begin PBXProject section */
		C8A0D20A1E6FEC7000E14055 /* Project object */ = {
			isa = PBXProject;
			attributes = {
				LastUpgradeCheck = 0820;
				ORGANIZATIONNAME = "Wilson Yuan";
				TargetAttributes = {
					C8A0D2111E6FEC7000E14055 = {
						CreatedOnToolsVersion = 8.2;
						DevelopmentTeam = B8AN3R9Z2W;
						ProvisioningStyle = Automatic;
					};
					C8A0D22A1E6FEC7000E14055 = {
						CreatedOnToolsVersion = 8.2;
						DevelopmentTeam = B8AN3R9Z2W;
						ProvisioningStyle = Automatic;
						TestTargetID = C8A0D2111E6FEC7000E14055;
					};
				};
			};
			buildConfigurationList = C8A0D20D1E6FEC7000E14055 /* Build configuration list for PBXProject "Submodule" */;
			compatibilityVersion = "Xcode 3.2";
			developmentRegion = English;
			hasScannedForEncodings = 0;
			knownRegions = (
				en,
				Base,
			);
			mainGroup = C8A0D2091E6FEC7000E14055;
			productRefGroup = C8A0D2131E6FEC7000E14055 /* Products */;
			projectDirPath = "";
			projectReferences = (
				{
					ProductGroup = C81E55761E7105CC00539C77 /* Products */;
					ProjectRef = C81E55751E7105CC00539C77 /* StaticLibraryDemo.xcodeproj */;
				},
			);
			projectRoot = "";
			targets = (
				C8A0D2111E6FEC7000E14055 /* Submodule */,
				C8A0D22A1E6FEC7000E14055 /* SubmoduleTests */,
			);
		};
/* End PBXProject section */

/* Begin PBXReferenceProxy section */
		C81E557B1E7105CC00539C77 /* StaticLibraryDemo.app */ = {
			isa = PBXReferenceProxy;
			fileType = wrapper.application;
			path = StaticLibraryDemo.app;
			remoteRef = C81E557A1E7105CC00539C77 /* PBXContainerItemProxy */;
			sourceTree = BUILT_PRODUCTS_DIR;
		};
		C81E557D1E7105CC00539C77 /* libStaticLibrary.a */ = {
			isa = PBXReferenceProxy;
			fileType = archive.ar;
			path = libStaticLibrary.a;
			remoteRef = C81E557C1E7105CC00539C77 /* PBXContainerItemProxy */;
			sourceTree = BUILT_PRODUCTS_DIR;
		};
/* End PBXReferenceProxy section */

/* Begin PBXResourcesBuildPhase section */
		C8A0D2101E6FEC7000E14055 /* Resources */ = {
			isa = PBXResourcesBuildPhase;
			buildActionMask = 2147483647;
			files = (
				C8A0D2251E6FEC7000E14055 /* LaunchScreen.storyboard in Resources */,
				C8A0D2221E6FEC7000E14055 /* Assets.xcassets in Resources */,
				C8A0D2201E6FEC7000E14055 /* Main.storyboard in Resources */,
			);
			runOnlyForDeploymentPostprocessing = 0;
		};
		C8A0D2291E6FEC7000E14055 /* Resources */ = {
			isa = PBXResourcesBuildPhase;
			buildActionMask = 2147483647;
			files = (
			);
			runOnlyForDeploymentPostprocessing = 0;
		};
/* End PBXResourcesBuildPhase section */

/* Begin PBXSourcesBuildPhase section */
		C8A0D20E1E6FEC7000E14055 /* Sources */ = {
			isa = PBXSourcesBuildPhase;
			buildActionMask = 2147483647;
			files = (
				C8A0D21D1E6FEC7000E14055 /* ViewController.m in Sources */,
				C8A0D21A1E6FEC7000E14055 /* AppDelegate.m in Sources */,
				C8A0D2171E6FEC7000E14055 /* main.m in Sources */,
			);
			runOnlyForDeploymentPostprocessing = 0;
		};
		C8A0D2271E6FEC7000E14055 /* Sources */ = {
			isa = PBXSourcesBuildPhase;
			buildActionMask = 2147483647;
			files = (
				C8A0D2301E6FEC7000E14055 /* SubmoduleTests.m in Sources */,
			);
			runOnlyForDeploymentPostprocessing = 0;
		};
/* End PBXSourcesBuildPhase section */

/* Begin PBXTargetDependency section */
		C81E557F1E7105F700539C77 /* PBXTargetDependency */ = {
			isa = PBXTargetDependency;
			name = StaticLibrary;
			targetProxy = C81E557E1E7105F700539C77 /* PBXContainerItemProxy */;
		};
		C8A0D22D1E6FEC7000E14055 /* PBXTargetDependency */ = {
			isa = PBXTargetDependency;
			target = C8A0D2111E6FEC7000E14055 /* Submodule */;
			targetProxy = C8A0D22C1E6FEC7000E14055 /* PBXContainerItemProxy */;
		};
/* End PBXTargetDependency section */

/* Begin PBXVariantGroup section */
		C8A0D21E1E6FEC7000E14055 /* Main.storyboard */ = {
			isa = PBXVariantGroup;
			children = (
				C8A0D21F1E6FEC7000E14055 /* Base */,
			);
			name = Main.storyboard;
			sourceTree = "<group>";
		};
		C8A0D2231E6FEC7000E14055 /* LaunchScreen.storyboard */ = {
			isa = PBXVariantGroup;
			children = (
				C8A0D2241E6FEC7000E14055 /* Base */,
			);
			name = LaunchScreen.storyboard;
			sourceTree = "<group>";
		};
/* End PBXVariantGroup section */

/* Begin XCBuildConfiguration section */
		C8A0D2321E6FEC7000E14055 /* Debug */ = {
			isa = XCBuildConfiguration;
			buildSettings = {
				ALWAYS_SEARCH_USER_PATHS = NO;
				CLANG_ANALYZER_NONNULL = YES;
				CLANG_CXX_LANGUAGE_STANDARD = "gnu++0x";
				CLANG_CXX_LIBRARY = "libc++";
				CLANG_ENABLE_MODULES = YES;
				CLANG_ENABLE_OBJC_ARC = YES;
				CLANG_WARN_BOOL_CONVERSION = YES;
				CLANG_WARN_CONSTANT_CONVERSION = YES;
				CLANG_WARN_DIRECT_OBJC_ISA_USAGE = YES_ERROR;
				CLANG_WARN_DOCUMENTATION_COMMENTS = YES;
				CLANG_WARN_EMPTY_BODY = YES;
				CLANG_WARN_ENUM_CONVERSION = YES;
				CLANG_WARN_INFINITE_RECURSION = YES;
				CLANG_WARN_INT_CONVERSION = YES;
				CLANG_WARN_OBJC_ROOT_CLASS = YES_ERROR;
				CLANG_WARN_SUSPICIOUS_MOVE = YES;
				CLANG_WARN_UNREACHABLE_CODE = YES;
				CLANG_WARN__DUPLICATE_METHOD_MATCH = YES;
				"CODE_SIGN_IDENTITY[sdk=iphoneos*]" = "iPhone Developer";
				COPY_PHASE_STRIP = NO;
				DEBUG_INFORMATION_FORMAT = dwarf;
				ENABLE_STRICT_OBJC_MSGSEND = YES;
				ENABLE_TESTABILITY = YES;
				GCC_C_LANGUAGE_STANDARD = gnu99;
				GCC_DYNAMIC_NO_PIC = NO;
				GCC_NO_COMMON_BLOCKS = YES;
				GCC_OPTIMIZATION_LEVEL = 0;
				GCC_PREPROCESSOR_DEFINITIONS = (
					"DEBUG=1",
					"$(inherited)",
				);
				GCC_WARN_64_TO_32_BIT_CONVERSION = YES;
				GCC_WARN_ABOUT_RETURN_TYPE = YES_ERROR;
				GCC_WARN_UNDECLARED_SELECTOR = YES;
				GCC_WARN_UNINITIALIZED_AUTOS = YES_AGGRESSIVE;
				GCC_WARN_UNUSED_FUNCTION = YES;
				GCC_WARN_UNUSED_VARIABLE = YES;
				IPHONEOS_DEPLOYMENT_TARGET = 10.2;
				MTL_ENABLE_DEBUG_INFO = YES;
				ONLY_ACTIVE_ARCH = YES;
				SDKROOT = iphoneos;
			};
			name = Debug;
		};
		C8A0D2331E6FEC7000E14055 /* Release */ = {
			isa = XCBuildConfiguration;
			buildSettings = {
				ALWAYS_SEARCH_USER_PATHS = NO;
				CLANG_ANALYZER_NONNULL = YES;
				CLANG_CXX_LANGUAGE_STANDARD = "gnu++0x";
				CLANG_CXX_LIBRARY = "libc++";
				CLANG_ENABLE_MODULES = YES;
				CLANG_ENABLE_OBJC_ARC = YES;
				CLANG_WARN_BOOL_CONVERSION = YES;
				CLANG_WARN_CONSTANT_CONVERSION = YES;
				CLANG_WARN_DIRECT_OBJC_ISA_USAGE = YES_ERROR;
				CLANG_WARN_DOCUMENTATION_COMMENTS = YES;
				CLANG_WARN_EMPTY_BODY = YES;
				CLANG_WARN_ENUM_CONVERSION = YES;
				CLANG_WARN_INFINITE_RECURSION = YES;
				CLANG_WARN_INT_CONVERSION = YES;
				CLANG_WARN_OBJC_ROOT_CLASS = YES_ERROR;
				CLANG_WARN_SUSPICIOUS_MOVE = YES;
				CLANG_WARN_UNREACHABLE_CODE = YES;
				CLANG_WARN__DUPLICATE_METHOD_MATCH = YES;
				"CODE_SIGN_IDENTITY[sdk=iphoneos*]" = "iPhone Developer";
				COPY_PHASE_STRIP = NO;
				DEBUG_INFORMATION_FORMAT = "dwarf-with-dsym";
				ENABLE_NS_ASSERTIONS = NO;
				ENABLE_STRICT_OBJC_MSGSEND = YES;
				GCC_C_LANGUAGE_STANDARD = gnu99;
				GCC_NO_COMMON_BLOCKS = YES;
				GCC_WARN_64_TO_32_BIT_CONVERSION = YES;
				GCC_WARN_ABOUT_RETURN_TYPE = YES_ERROR;
				GCC_WARN_UNDECLARED_SELECTOR = YES;
				GCC_WARN_UNINITIALIZED_AUTOS = YES_AGGRESSIVE;
				GCC_WARN_UNUSED_FUNCTION = YES;
				GCC_WARN_UNUSED_VARIABLE = YES;
				IPHONEOS_DEPLOYMENT_TARGET = 10.2;
				MTL_ENABLE_DEBUG_INFO = NO;
				SDKROOT = iphoneos;
				VALIDATE_PRODUCT = YES;
			};
			name = Release;
		};
		C8A0D2351E6FEC7000E14055 /* Debug */ = {
			isa = XCBuildConfiguration;
			buildSettings = {
				ASSETCATALOG_COMPILER_APPICON_NAME = AppIcon;
				DEVELOPMENT_TEAM = B8AN3R9Z2W;
				INFOPLIST_FILE = Submodule/Info.plist;
				LD_RUNPATH_SEARCH_PATHS = "$(inherited) @executable_path/Frameworks";
				LIBRARY_SEARCH_PATHS = "\"$(SRCROOT)/StaticLibraryDemo/StaticLibraryDemo/StaticLibrary\"";
				PRODUCT_BUNDLE_IDENTIFIER = com.wilson.Submodule;
				PRODUCT_NAME = "$(TARGET_NAME)";
				USER_HEADER_SEARCH_PATHS = "\"$(SRCROOT)/StaticLibraryDemo/StaticLibraryDemo/StaticLibrary\"";
			};
			name = Debug;
		};
		C8A0D2361E6FEC7000E14055 /* Release */ = {
			isa = XCBuildConfiguration;
			buildSettings = {
				ASSETCATALOG_COMPILER_APPICON_NAME = AppIcon;
				DEVELOPMENT_TEAM = B8AN3R9Z2W;
				INFOPLIST_FILE = Submodule/Info.plist;
				LD_RUNPATH_SEARCH_PATHS = "$(inherited) @executable_path/Frameworks";
				LIBRARY_SEARCH_PATHS = "\"$(SRCROOT)/StaticLibraryDemo/StaticLibraryDemo/StaticLibrary\"";
				PRODUCT_BUNDLE_IDENTIFIER = com.wilson.Submodule;
				PRODUCT_NAME = "$(TARGET_NAME)";
				USER_HEADER_SEARCH_PATHS = "\"$(SRCROOT)/StaticLibraryDemo/StaticLibraryDemo/StaticLibrary\"";
			};
			name = Release;
		};
		C8A0D2381E6FEC7000E14055 /* Debug */ = {
			isa = XCBuildConfiguration;
			buildSettings = {
				BUNDLE_LOADER = "$(TEST_HOST)";
				DEVELOPMENT_TEAM = B8AN3R9Z2W;
				INFOPLIST_FILE = SubmoduleTests/Info.plist;
				LD_RUNPATH_SEARCH_PATHS = "$(inherited) @executable_path/Frameworks @loader_path/Frameworks";
				PRODUCT_BUNDLE_IDENTIFIER = com.wilson.SubmoduleTests;
				PRODUCT_NAME = "$(TARGET_NAME)";
				TEST_HOST = "$(BUILT_PRODUCTS_DIR)/Submodule.app/Submodule";
			};
			name = Debug;
		};
		C8A0D2391E6FEC7000E14055 /* Release */ = {
			isa = XCBuildConfiguration;
			buildSettings = {
				BUNDLE_LOADER = "$(TEST_HOST)";
				DEVELOPMENT_TEAM = B8AN3R9Z2W;
				INFOPLIST_FILE = SubmoduleTests/Info.plist;
				LD_RUNPATH_SEARCH_PATHS = "$(inherited) @executable_path/Frameworks @loader_path/Frameworks";
				PRODUCT_BUNDLE_IDENTIFIER = com.wilson.SubmoduleTests;
				PRODUCT_NAME = "$(TARGET_NAME)";
				TEST_HOST = "$(BUILT_PRODUCTS_DIR)/Submodule.app/Submodule";
			};
			name = Release;
		};
/* End XCBuildConfiguration section */

/* Begin XCConfigurationList section */
		C8A0D20D1E6FEC7000E14055 /* Build configuration list for PBXProject "Submodule" */ = {
			isa = XCConfigurationList;
			buildConfigurations = (
				C8A0D2321E6FEC7000E14055 /* Debug */,
				C8A0D2331E6FEC7000E14055 /* Release */,
			);
			defaultConfigurationIsVisible = 0;
			defaultConfigurationName = Release;
		};
		C8A0D2341E6FEC7000E14055 /* Build configuration list for PBXNativeTarget "Submodule" */ = {
			isa = XCConfigurationList;
			buildConfigurations = (
				C8A0D2351E6FEC7000E14055 /* Debug */,
				C8A0D2361E6FEC7000E14055 /* Release */,
			);
			defaultConfigurationIsVisible = 0;
			defaultConfigurationName = Release;
		};
		C8A0D2371E6FEC7000E14055 /* Build configuration list for PBXNativeTarget "SubmoduleTests" */ = {
			isa = XCConfigurationList;
			buildConfigurations = (
				C8A0D2381E6FEC7000E14055 /* Debug */,
				C8A0D2391E6FEC7000E14055 /* Release */,
			);
			defaultConfigurationIsVisible = 0;
			defaultConfigurationName = Release;
		};
/* End XCConfigurationList section */
	};
	rootObject = C8A0D20A1E6FEC7000E14055 /* Project object */;
}
